# THIS IS AN AUTOGENERATED FILE. DO NOT EDIT THIS FILE DIRECTLY.
# yarn lockfile v1


"@esbuild/android-arm64@0.17.19":
  version "0.17.19"
  resolved "https://registry.yarnpkg.com/@esbuild/android-arm64/-/android-arm64-0.17.19.tgz#bafb75234a5d3d1b690e7c2956a599345e84a2fd"
  integrity sha512-KBMWvEZooR7+kzY0BtbTQn0OAYY7CsiydT63pVEaPtVYF0hXbUaOyZog37DKxK7NF3XacBJOpYT4adIJh+avxA==

"@esbuild/android-arm@0.17.19":
  version "0.17.19"
  resolved "https://registry.yarnpkg.com/@esbuild/android-arm/-/android-arm-0.17.19.tgz#5898f7832c2298bc7d0ab53701c57beb74d78b4d"
  integrity sha512-rIKddzqhmav7MSmoFCmDIb6e2W57geRsM94gV2l38fzhXMwq7hZoClug9USI2pFRGL06f4IOPHHpFNOkWieR8A==

"@esbuild/android-x64@0.17.19":
  version "0.17.19"
  resolved "https://registry.yarnpkg.com/@esbuild/android-x64/-/android-x64-0.17.19.tgz#658368ef92067866d95fb268719f98f363d13ae1"
  integrity sha512-uUTTc4xGNDT7YSArp/zbtmbhO0uEEK9/ETW29Wk1thYUJBz3IVnvgEiEwEa9IeLyvnpKrWK64Utw2bgUmDveww==

"@esbuild/darwin-arm64@0.17.19":
  version "0.17.19"
  resolved "https://registry.yarnpkg.com/@esbuild/darwin-arm64/-/darwin-arm64-0.17.19.tgz#584c34c5991b95d4d48d333300b1a4e2ff7be276"
  integrity sha512-80wEoCfF/hFKM6WE1FyBHc9SfUblloAWx6FJkFWTWiCoht9Mc0ARGEM47e67W9rI09YoUxJL68WHfDRYEAvOhg==

"@esbuild/darwin-x64@0.17.19":
  version "0.17.19"
  resolved "https://registry.yarnpkg.com/@esbuild/darwin-x64/-/darwin-x64-0.17.19.tgz#7751d236dfe6ce136cce343dce69f52d76b7f6cb"
  integrity sha512-IJM4JJsLhRYr9xdtLytPLSH9k/oxR3boaUIYiHkAawtwNOXKE8KoU8tMvryogdcT8AU+Bflmh81Xn6Q0vTZbQw==

"@esbuild/freebsd-arm64@0.17.19":
  version "0.17.19"
  resolved "https://registry.yarnpkg.com/@esbuild/freebsd-arm64/-/freebsd-arm64-0.17.19.tgz#cacd171665dd1d500f45c167d50c6b7e539d5fd2"
  integrity sha512-pBwbc7DufluUeGdjSU5Si+P3SoMF5DQ/F/UmTSb8HXO80ZEAJmrykPyzo1IfNbAoaqw48YRpv8shwd1NoI0jcQ==

"@esbuild/freebsd-x64@0.17.19":
  version "0.17.19"
  resolved "https://registry.yarnpkg.com/@esbuild/freebsd-x64/-/freebsd-x64-0.17.19.tgz#0769456eee2a08b8d925d7c00b79e861cb3162e4"
  integrity sha512-4lu+n8Wk0XlajEhbEffdy2xy53dpR06SlzvhGByyg36qJw6Kpfk7cp45DR/62aPH9mtJRmIyrXAS5UWBrJT6TQ==

"@esbuild/linux-arm64@0.17.19":
  version "0.17.19"
  resolved "https://registry.yarnpkg.com/@esbuild/linux-arm64/-/linux-arm64-0.17.19.tgz#38e162ecb723862c6be1c27d6389f48960b68edb"
  integrity sha512-ct1Tg3WGwd3P+oZYqic+YZF4snNl2bsnMKRkb3ozHmnM0dGWuxcPTTntAF6bOP0Sp4x0PjSF+4uHQ1xvxfRKqg==

"@esbuild/linux-arm@0.17.19":
  version "0.17.19"
  resolved "https://registry.yarnpkg.com/@esbuild/linux-arm/-/linux-arm-0.17.19.tgz#1a2cd399c50040184a805174a6d89097d9d1559a"
  integrity sha512-cdmT3KxjlOQ/gZ2cjfrQOtmhG4HJs6hhvm3mWSRDPtZ/lP5oe8FWceS10JaSJC13GBd4eH/haHnqf7hhGNLerA==

"@esbuild/linux-ia32@0.17.19":
  version "0.17.19"
  resolved "https://registry.yarnpkg.com/@esbuild/linux-ia32/-/linux-ia32-0.17.19.tgz#e28c25266b036ce1cabca3c30155222841dc035a"
  integrity sha512-w4IRhSy1VbsNxHRQpeGCHEmibqdTUx61Vc38APcsRbuVgK0OPEnQ0YD39Brymn96mOx48Y2laBQGqgZ0j9w6SQ==

"@esbuild/linux-loong64@0.17.19":
  version "0.17.19"
  resolved "https://registry.yarnpkg.com/@esbuild/linux-loong64/-/linux-loong64-0.17.19.tgz#0f887b8bb3f90658d1a0117283e55dbd4c9dcf72"
  integrity sha512-2iAngUbBPMq439a+z//gE+9WBldoMp1s5GWsUSgqHLzLJ9WoZLZhpwWuym0u0u/4XmZ3gpHmzV84PonE+9IIdQ==

"@esbuild/linux-mips64el@0.17.19":
  version "0.17.19"
  resolved "https://registry.yarnpkg.com/@esbuild/linux-mips64el/-/linux-mips64el-0.17.19.tgz#f5d2a0b8047ea9a5d9f592a178ea054053a70289"
  integrity sha512-LKJltc4LVdMKHsrFe4MGNPp0hqDFA1Wpt3jE1gEyM3nKUvOiO//9PheZZHfYRfYl6AwdTH4aTcXSqBerX0ml4A==

"@esbuild/linux-ppc64@0.17.19":
  version "0.17.19"
  resolved "https://registry.yarnpkg.com/@esbuild/linux-ppc64/-/linux-ppc64-0.17.19.tgz#876590e3acbd9fa7f57a2c7d86f83717dbbac8c7"
  integrity sha512-/c/DGybs95WXNS8y3Ti/ytqETiW7EU44MEKuCAcpPto3YjQbyK3IQVKfF6nbghD7EcLUGl0NbiL5Rt5DMhn5tg==

"@esbuild/linux-riscv64@0.17.19":
  version "0.17.19"
  resolved "https://registry.yarnpkg.com/@esbuild/linux-riscv64/-/linux-riscv64-0.17.19.tgz#7f49373df463cd9f41dc34f9b2262d771688bf09"
  integrity sha512-FC3nUAWhvFoutlhAkgHf8f5HwFWUL6bYdvLc/TTuxKlvLi3+pPzdZiFKSWz/PF30TB1K19SuCxDTI5KcqASJqA==

"@esbuild/linux-s390x@0.17.19":
  version "0.17.19"
  resolved "https://registry.yarnpkg.com/@esbuild/linux-s390x/-/linux-s390x-0.17.19.tgz#e2afd1afcaf63afe2c7d9ceacd28ec57c77f8829"
  integrity sha512-IbFsFbxMWLuKEbH+7sTkKzL6NJmG2vRyy6K7JJo55w+8xDk7RElYn6xvXtDW8HCfoKBFK69f3pgBJSUSQPr+4Q==

"@esbuild/linux-x64@0.17.19":
  version "0.17.19"
  resolved "https://registry.yarnpkg.com/@esbuild/linux-x64/-/linux-x64-0.17.19.tgz#8a0e9738b1635f0c53389e515ae83826dec22aa4"
  integrity sha512-68ngA9lg2H6zkZcyp22tsVt38mlhWde8l3eJLWkyLrp4HwMUr3c1s/M2t7+kHIhvMjglIBrFpncX1SzMckomGw==

"@esbuild/netbsd-x64@0.17.19":
  version "0.17.19"
  resolved "https://registry.yarnpkg.com/@esbuild/netbsd-x64/-/netbsd-x64-0.17.19.tgz#c29fb2453c6b7ddef9a35e2c18b37bda1ae5c462"
  integrity sha512-CwFq42rXCR8TYIjIfpXCbRX0rp1jo6cPIUPSaWwzbVI4aOfX96OXY8M6KNmtPcg7QjYeDmN+DD0Wp3LaBOLf4Q==

"@esbuild/openbsd-x64@0.17.19":
  version "0.17.19"
  resolved "https://registry.yarnpkg.com/@esbuild/openbsd-x64/-/openbsd-x64-0.17.19.tgz#95e75a391403cb10297280d524d66ce04c920691"
  integrity sha512-cnq5brJYrSZ2CF6c35eCmviIN3k3RczmHz8eYaVlNasVqsNY+JKohZU5MKmaOI+KkllCdzOKKdPs762VCPC20g==

"@esbuild/sunos-x64@0.17.19":
  version "0.17.19"
  resolved "https://registry.yarnpkg.com/@esbuild/sunos-x64/-/sunos-x64-0.17.19.tgz#722eaf057b83c2575937d3ffe5aeb16540da7273"
  integrity sha512-vCRT7yP3zX+bKWFeP/zdS6SqdWB8OIpaRq/mbXQxTGHnIxspRtigpkUcDMlSCOejlHowLqII7K2JKevwyRP2rg==

"@esbuild/win32-arm64@0.17.19":
  version "0.17.19"
  resolved "https://registry.yarnpkg.com/@esbuild/win32-arm64/-/win32-arm64-0.17.19.tgz#9aa9dc074399288bdcdd283443e9aeb6b9552b6f"
  integrity sha512-yYx+8jwowUstVdorcMdNlzklLYhPxjniHWFKgRqH7IFlUEa0Umu3KuYplf1HUZZ422e3NU9F4LGb+4O0Kdcaag==

"@esbuild/win32-ia32@0.17.19":
  version "0.17.19"
  resolved "https://registry.yarnpkg.com/@esbuild/win32-ia32/-/win32-ia32-0.17.19.tgz#95ad43c62ad62485e210f6299c7b2571e48d2b03"
  integrity sha512-eggDKanJszUtCdlVs0RB+h35wNlb5v4TWEkq4vZcmVt5u/HiDZrTXe2bWFQUez3RgNHwx/x4sk5++4NSSicKkw==

"@esbuild/win32-x64@0.17.19":
  version "0.17.19"
  resolved "https://registry.yarnpkg.com/@esbuild/win32-x64/-/win32-x64-0.17.19.tgz#8cfaf2ff603e9aabb910e9c0558c26cf32744061"
  integrity sha512-lAhycmKnVOuRYNtRtatQR1LPQf2oYCkRGkSFnseDAKPl8lu5SOsK/e1sXe5a0Pc5kHIHe6P2I/ilntNv2xf3cA==

"@girs/atk-1.0@^2.45.1-3.0.0":
  version "2.45.1-3.0.0-beta.16"
  resolved "https://registry.yarnpkg.com/@girs/atk-1.0/-/atk-1.0-2.45.1-3.0.0-beta.16.tgz#6468308fee91f70a12e825d9f803db9a1f23a1ee"
  integrity sha512-ra5VP7+PfOTM19boycGT2fzLNaIL7rpUJFN/o/afpv3u5qrc6DXPXqm6TYHvju6wNSfWZdjTIazC8rHKeCtTrg==
  dependencies:
    "@girs/gjs" "^3.0.0-beta.16"
    "@girs/glib-2.0" "^2.76.1-3.0.0-beta.16"
    "@girs/gobject-2.0" "^2.76.1-3.0.0-beta.16"

"@girs/atk-1.0@^2.48.3-3.1.0":
  version "2.48.3-3.1.0"
  resolved "https://registry.yarnpkg.com/@girs/atk-1.0/-/atk-1.0-2.48.3-3.1.0.tgz#7acae7e40a35a0aa8a78eaa200844befd4e6f5db"
  integrity sha512-BWHOCJgqIwWOvNCc7pa+0ToXx9Z8Cqc6DQwsqB7VbcRe7q/I6maPeCrTC+YwRI48GUPBz4Zf6r+PAzkOQhr3wg==
  dependencies:
    "@girs/gjs" "^3.1.0"
    "@girs/glib-2.0" "^2.76.1-3.1.0"
    "@girs/gobject-2.0" "^2.76.1-3.1.0"

"@girs/cairo-1.0@^1.0.0-3.1.0":
  version "1.0.0-3.1.0"
  resolved "https://registry.yarnpkg.com/@girs/cairo-1.0/-/cairo-1.0-1.0.0-3.1.0.tgz#4bec1e15add1ab044317546886c5190c4e65ae2b"
  integrity sha512-Kw4mVzArvNrsmzh+ehxONNBenQJquJgtOVp7mCGvn0/jYY//ekOSIMREVMNLjnk3Oz1vx5NjZ7A5zm7Z18m2rg==
  dependencies:
    "@girs/gjs" "^3.1.0"
    "@girs/gobject-2.0" "^2.76.1-3.1.0"

"@girs/cally-12@^12.0.0-3.0.0", "@girs/cally-12@^12.0.0-3.1.0":
  version "12.0.0-3.1.0"
  resolved "https://registry.yarnpkg.com/@girs/cally-12/-/cally-12-12.0.0-3.1.0.tgz#2daec9000ea82468fc3f43729ea152393a10ccc4"
  integrity sha512-hUFaq/SG48VtKVR/y0IvomaEytdrBz2Odd1KsRiskEAr+Bh2j6iqarQ8snOiMvRLVqTArAPcGbU25hl7uuc+9g==
  dependencies:
    "@girs/atk-1.0" "^2.48.3-3.1.0"
    "@girs/cairo-1.0" "^1.0.0-3.1.0"
    "@girs/clutter-12" "^12.0.0-3.1.0"
    "@girs/cogl-12" "^12.0.0-3.1.0"
    "@girs/coglpango-12" "^12.0.0-3.1.0"
    "@girs/freetype2-2.0" "^2.0.0-3.1.0"
    "@girs/gio-2.0" "^2.76.1-3.1.0"
    "@girs/gjs" "^3.1.0"
    "@girs/gl-1.0" "^1.0.0-3.1.0"
    "@girs/glib-2.0" "^2.76.1-3.1.0"
    "@girs/gobject-2.0" "^2.76.1-3.1.0"
    "@girs/graphene-1.0" "^1.0.0-3.1.0"
    "@girs/harfbuzz-0.0" "^7.1.0-3.1.0"
    "@girs/json-1.0" "^1.7.1-3.1.0"
    "@girs/pango-1.0" "^1.50.14-3.1.0"
    "@girs/pangocairo-1.0" "^1.0.0-3.1.0"

"@girs/clutter-12@^12.0.0-3.0.0", "@girs/clutter-12@^12.0.0-3.1.0":
  version "12.0.0-3.1.0"
  resolved "https://registry.yarnpkg.com/@girs/clutter-12/-/clutter-12-12.0.0-3.1.0.tgz#3399a9299ffa4d3f8dbb5c4dac1208d4ffbb4898"
  integrity sha512-kfEp1vO+8SLiLn7CExzJKLWVBFKSkkh6Wjj3XhRfjfNKCWCpbR6wb7KVxoGxkq6B8AHEbyACZht2Lo/m3Irj8w==
  dependencies:
    "@girs/atk-1.0" "^2.48.3-3.1.0"
    "@girs/cairo-1.0" "^1.0.0-3.1.0"
    "@girs/cogl-12" "^12.0.0-3.1.0"
    "@girs/coglpango-12" "^12.0.0-3.1.0"
    "@girs/freetype2-2.0" "^2.0.0-3.1.0"
    "@girs/gio-2.0" "^2.76.1-3.1.0"
    "@girs/gjs" "^3.1.0"
    "@girs/gl-1.0" "^1.0.0-3.1.0"
    "@girs/glib-2.0" "^2.76.1-3.1.0"
    "@girs/gobject-2.0" "^2.76.1-3.1.0"
    "@girs/graphene-1.0" "^1.0.0-3.1.0"
    "@girs/harfbuzz-0.0" "^7.1.0-3.1.0"
    "@girs/json-1.0" "^1.7.1-3.1.0"
    "@girs/pango-1.0" "^1.50.14-3.1.0"
    "@girs/pangocairo-1.0" "^1.0.0-3.1.0"

"@girs/cogl-12@^12.0.0-3.1.0":
  version "12.0.0-3.1.0"
  resolved "https://registry.yarnpkg.com/@girs/cogl-12/-/cogl-12-12.0.0-3.1.0.tgz#e18d177dc98e7cdbbec250a3e886cab24b97f387"
  integrity sha512-GjQDrPNnvauFH0iqOFxGDxNRw+bo1lNzjKuyBd7TQYuLFz6HqPO/apL5y+nl9YT04H2i1zfobUM+Brq/JPrmLw==
  dependencies:
    "@girs/cairo-1.0" "^1.0.0-3.1.0"
    "@girs/gjs" "^3.1.0"
    "@girs/gl-1.0" "^1.0.0-3.1.0"
    "@girs/glib-2.0" "^2.76.1-3.1.0"
    "@girs/gobject-2.0" "^2.76.1-3.1.0"
    "@girs/graphene-1.0" "^1.0.0-3.1.0"

"@girs/cogl-2.0@^2.0.0-3.0.0":
  version "2.0.0-3.1.0"
  resolved "https://registry.yarnpkg.com/@girs/cogl-2.0/-/cogl-2.0-2.0.0-3.1.0.tgz#06f4e3482d2e48c9ada5cc249317621912ea5688"
  integrity sha512-vetuuYqX+TXsUFB904VUAkoJtuhl5Dgyo1V7IMcAyctTAlC2ZXo2WwTAICIldCCBTARs4+6zBnWoj9vG/PV9Ag==
  dependencies:
    "@girs/gjs" "^3.1.0"
    "@girs/gl-1.0" "^1.0.0-3.1.0"
    "@girs/glib-2.0" "^2.76.1-3.1.0"
    "@girs/gobject-2.0" "^2.76.1-3.1.0"

"@girs/coglpango-12@^12.0.0-3.1.0":
  version "12.0.0-3.1.0"
  resolved "https://registry.yarnpkg.com/@girs/coglpango-12/-/coglpango-12-12.0.0-3.1.0.tgz#1611c566da76d1063f4912ef5e85f42efa770a1e"
  integrity sha512-ctbPAkPi0UHbCAIsUIezfayY2Dn24PngQyA+Oo0/pVvY5xVASDpcXRUlKZU/Jg+LTLjXDi2imQNWdidZLIaJ2Q==
  dependencies:
    "@girs/cairo-1.0" "^1.0.0-3.1.0"
    "@girs/cogl-12" "^12.0.0-3.1.0"
    "@girs/freetype2-2.0" "^2.0.0-3.1.0"
    "@girs/gio-2.0" "^2.76.1-3.1.0"
    "@girs/gjs" "^3.1.0"
    "@girs/gl-1.0" "^1.0.0-3.1.0"
    "@girs/glib-2.0" "^2.76.1-3.1.0"
    "@girs/gobject-2.0" "^2.76.1-3.1.0"
    "@girs/graphene-1.0" "^1.0.0-3.1.0"
    "@girs/harfbuzz-0.0" "^7.1.0-3.1.0"
    "@girs/pango-1.0" "^1.50.14-3.1.0"
    "@girs/pangocairo-1.0" "^1.0.0-3.1.0"

"@girs/freetype2-2.0@^2.0.0-3.1.0":
  version "2.0.0-3.1.0"
  resolved "https://registry.yarnpkg.com/@girs/freetype2-2.0/-/freetype2-2.0-2.0.0-3.1.0.tgz#0e8794ce305fccb04073471b4e07e7826f3d2ff9"
  integrity sha512-SUZnJo/agtCeo0SM7FL3UgHwY9ACQnTjWKfubL78YS+sC3hWTNkGcqxQXoNoWViCjvK9muXSZ4pIoHDO3TWHlg==
  dependencies:
    "@girs/gjs" "^3.1.0"
    "@girs/gobject-2.0" "^2.76.1-3.1.0"

"@girs/gck-2@^4.0.0-3.1.0":
  version "4.0.0-3.1.0"
  resolved "https://registry.yarnpkg.com/@girs/gck-2/-/gck-2-4.0.0-3.1.0.tgz#6a76b34bc34683a28fd82dee732658ab4852dc98"
  integrity sha512-uwVgWgmNlKyux2fNA6IPIuaZTZekr+7/FLrgTjZ+Pql7KPjnQlZncj41+Qlh7ajDHjNcvKT8z4gE7IoXFAA5gg==
  dependencies:
    "@girs/gio-2.0" "^2.76.1-3.1.0"
    "@girs/gjs" "^3.1.0"
    "@girs/glib-2.0" "^2.76.1-3.1.0"
    "@girs/gobject-2.0" "^2.76.1-3.1.0"

"@girs/gcr-4@^4.0.0-3.0.0", "@girs/gcr-4@^4.0.0-3.1.0":
  version "4.0.0-3.1.0"
  resolved "https://registry.yarnpkg.com/@girs/gcr-4/-/gcr-4-4.0.0-3.1.0.tgz#1892a885cb42c34ffc7b53be4d340b1a70a0f779"
  integrity sha512-qyyVrTkjfIC/oYzE5jRgCbDSGxzL7SMrgBo5XTVMMDoefm6l6t1hfAPhiPySNe6FZcGAgPGpJkfWIsdrfQ66zA==
  dependencies:
    "@girs/gck-2" "^4.0.0-3.1.0"
    "@girs/gio-2.0" "^2.76.1-3.1.0"
    "@girs/gjs" "^3.1.0"
    "@girs/glib-2.0" "^2.76.1-3.1.0"
    "@girs/gobject-2.0" "^2.76.1-3.1.0"

"@girs/gdesktopenums-3.0@^3.0.0-3.1.0":
  version "3.0.0-3.1.0"
  resolved "https://registry.yarnpkg.com/@girs/gdesktopenums-3.0/-/gdesktopenums-3.0-3.0.0-3.1.0.tgz#80e09ef5e7646696f3e01f8df89e4068a890c7b1"
  integrity sha512-6cfdS2EVpMoj2Fox0bhu3rbzfbsKUjBL2ZW2YE1kol0E7FiDo9WB0vanofi0cY9Rq6yn4pqMbrqhyV1BwEMkiA==
  dependencies:
    "@girs/gjs" "^3.1.0"
    "@girs/gobject-2.0" "^2.76.1-3.1.0"

"@girs/gdk-4.0@^4.0.0-3.1.0":
  version "4.0.0-3.1.0"
  resolved "https://registry.yarnpkg.com/@girs/gdk-4.0/-/gdk-4.0-4.0.0-3.1.0.tgz#06b2dd345abb77e97beda840660a066558842078"
  integrity sha512-wk5gwT8gPJVJz+W6fejksl9XT/BtVSMjZ96/l7bCKZVT0JwI/QK9mH9Wg5iyfBK416fRxF7g/MvmkLfLNZ4s0Q==
  dependencies:
    "@girs/cairo-1.0" "^1.0.0-3.1.0"
    "@girs/freetype2-2.0" "^2.0.0-3.1.0"
    "@girs/gdkpixbuf-2.0" "^2.0.0-3.1.0"
    "@girs/gio-2.0" "^2.76.1-3.1.0"
    "@girs/gjs" "^3.1.0"
    "@girs/glib-2.0" "^2.76.1-3.1.0"
    "@girs/gmodule-2.0" "^2.0.0-3.1.0"
    "@girs/gobject-2.0" "^2.76.1-3.1.0"
    "@girs/harfbuzz-0.0" "^7.1.0-3.1.0"
    "@girs/pango-1.0" "^1.50.14-3.1.0"
    "@girs/pangocairo-1.0" "^1.0.0-3.1.0"

"@girs/gdkpixbuf-2.0@^2.0.0-3.1.0":
  version "2.0.0-3.1.0"
  resolved "https://registry.yarnpkg.com/@girs/gdkpixbuf-2.0/-/gdkpixbuf-2.0-2.0.0-3.1.0.tgz#4b2d7e5d89afa31474415747416375cf5777d851"
  integrity sha512-3J/4XshmQpkxWp9irKRd4znzFZcpsHu5vveoG+A/G6uXUxTIxEwZb5o+b6r609miRs4IlosDA7t0s+EqOr7OtQ==
  dependencies:
    "@girs/gio-2.0" "^2.76.1-3.1.0"
    "@girs/gjs" "^3.1.0"
    "@girs/glib-2.0" "^2.76.1-3.1.0"
    "@girs/gmodule-2.0" "^2.0.0-3.1.0"
    "@girs/gobject-2.0" "^2.76.1-3.1.0"

"@girs/gio-2.0@^2.76.1-3.0.0", "@girs/gio-2.0@^2.76.1-3.1.0":
  version "2.76.1-3.1.0"
  resolved "https://registry.yarnpkg.com/@girs/gio-2.0/-/gio-2.0-2.76.1-3.1.0.tgz#5f3a3150f393c2157516d4f587e1a6383172c86f"
  integrity sha512-dhTA6ebOEqpd8Q81WGRA/6MmqUWZzWCPjYnxnIYeHYhd3L2pf4O75Lse8h08EwmKmZ9wI3loILvbj92yc9mlNg==
  dependencies:
    "@girs/gjs" "^3.1.0"
    "@girs/glib-2.0" "^2.76.1-3.1.0"
    "@girs/gobject-2.0" "^2.76.1-3.1.0"

"@girs/gjs@^3.0.0", "@girs/gjs@^3.0.0-beta.16", "@girs/gjs@^3.1.0":
  version "3.1.0"
  resolved "https://registry.yarnpkg.com/@girs/gjs/-/gjs-3.1.0.tgz#a8b0ec18873e709f52c74610c3f962678ea9c231"
  integrity sha512-KG2wGr6xNeLGKfReeKMCnbNyxn2X7/EG24UZfHiBVF++eeGBmSAQf3GJ56Yn21WMzxNEJxAQkaoqbeCnfox+Rw==
  dependencies:
    "@girs/glib-2.0" "^2.76.1-3.1.0"
    "@girs/gobject-2.0" "^2.76.1-3.1.0"

"@girs/gl-1.0@^1.0.0-3.1.0":
  version "1.0.0-3.1.0"
  resolved "https://registry.yarnpkg.com/@girs/gl-1.0/-/gl-1.0-1.0.0-3.1.0.tgz#c9fcbd84316d6f48a2af6af7a592086075f64970"
  integrity sha512-zD0QvqV7yvInftnetYNtgtZMCHHcf+mhmdx7PjRypZ4OH0bJkhM9Xf8ACq5qiuutfqoayW4fSi3vfwpS+adeew==
  dependencies:
    "@girs/gjs" "^3.1.0"
    "@girs/gobject-2.0" "^2.76.1-3.1.0"

"@girs/glib-2.0@^2.76.1-3.0.0", "@girs/glib-2.0@^2.76.1-3.0.0-beta.16", "@girs/glib-2.0@^2.76.1-3.1.0":
  version "2.76.1-3.1.0"
  resolved "https://registry.yarnpkg.com/@girs/glib-2.0/-/glib-2.0-2.76.1-3.1.0.tgz#8d5c99b5be9b76c3b6ea5654ea489ac5e6a58f80"
  integrity sha512-rJOjFVWO4RzQrp2j+KURmgrRBBlxZudByGeewJQyB3L+od3NydSEukLzhGvJ3pmagTUXk61cP647+Qz/GJD2WA==
  dependencies:
    "@girs/gjs" "^3.1.0"
    "@girs/gobject-2.0" "^2.76.1-3.1.0"

"@girs/gmodule-2.0@^2.0.0-3.1.0":
  version "2.0.0-3.1.0"
  resolved "https://registry.yarnpkg.com/@girs/gmodule-2.0/-/gmodule-2.0-2.0.0-3.1.0.tgz#e8f126f41c883f15007963400e9379002da02ffb"
  integrity sha512-ImU0aJmR/Vj4n/81hEXf9gwN3eGpiPia2jL3/l+TSS4VhV55mGGRGqr2a+GiJyljpE2M6lZTvaMFYKzWOkyL3Q==
  dependencies:
    "@girs/gjs" "^3.1.0"
    "@girs/glib-2.0" "^2.76.1-3.1.0"
    "@girs/gobject-2.0" "^2.76.1-3.1.0"

"@girs/gnome-shell@workspace:^":
  version "3.0.0"
  resolved "https://registry.yarnpkg.com/@girs/gnome-shell/-/gnome-shell-3.0.0.tgz#9f6ad6b330ca32b9a47ecfb4bc0244814a0b158f"
  integrity sha512-I1BVcvj+0TymAcpk9YsQSqwJvWgUoKxZySbJKCh/mBsKJfGlZhiBGH/HSyHGbA2Tf5Z99G3+kJv0qYSk43eGMg==
  dependencies:
    "@girs/atk-1.0" "^2.45.1-3.0.0"
    "@girs/cally-12" "^12.0.0-3.0.0"
    "@girs/clutter-12" "^12.0.0-3.0.0"
    "@girs/cogl-2.0" "^2.0.0-3.0.0"
    "@girs/gcr-4" "^4.0.0-3.0.0"
    "@girs/gio-2.0" "^2.76.1-3.0.0"
    "@girs/gjs" "^3.0.0"
    "@girs/glib-2.0" "^2.76.1-3.0.0"
    "@girs/gnomebg-4.0" "^4.0.0-3.0.0"
    "@girs/gnomedesktop-4.0" "^4.0.0-3.0.0"
    "@girs/gobject-2.0" "^2.76.1-3.0.0"
    "@girs/meta-12" "^12.0.0-3.0.0"
    "@girs/shell-12" "^12.0.0-3.0.0"
    "@girs/shew-0" "^0.0.0-3.0.0"
    "@girs/st-12" "^12.0.0-3.0.0"

"@girs/gnomebg-4.0@^4.0.0-3.0.0":
  version "4.0.0-3.1.0"
  resolved "https://registry.yarnpkg.com/@girs/gnomebg-4.0/-/gnomebg-4.0-4.0.0-3.1.0.tgz#2df48420ae586f0b26e74a62710a52d849697587"
  integrity sha512-vTO7BDwG+GdloYuN3O8Y458axENDZpXnudGgxcOa7xkv1vQ0ScW16PYeQlde6qOsWLRtUhESOxGhza6StN0s+A==
  dependencies:
    "@girs/cairo-1.0" "^1.0.0-3.1.0"
    "@girs/freetype2-2.0" "^2.0.0-3.1.0"
    "@girs/gdesktopenums-3.0" "^3.0.0-3.1.0"
    "@girs/gdk-4.0" "^4.0.0-3.1.0"
    "@girs/gdkpixbuf-2.0" "^2.0.0-3.1.0"
    "@girs/gio-2.0" "^2.76.1-3.1.0"
    "@girs/gjs" "^3.1.0"
    "@girs/glib-2.0" "^2.76.1-3.1.0"
    "@girs/gmodule-2.0" "^2.0.0-3.1.0"
    "@girs/gnomedesktop-4.0" "^4.0.0-3.1.0"
    "@girs/gobject-2.0" "^2.76.1-3.1.0"
    "@girs/harfbuzz-0.0" "^7.1.0-3.1.0"
    "@girs/pango-1.0" "^1.50.14-3.1.0"
    "@girs/pangocairo-1.0" "^1.0.0-3.1.0"

"@girs/gnomedesktop-4.0@^4.0.0-3.0.0", "@girs/gnomedesktop-4.0@^4.0.0-3.1.0":
  version "4.0.0-3.1.0"
  resolved "https://registry.yarnpkg.com/@girs/gnomedesktop-4.0/-/gnomedesktop-4.0-4.0.0-3.1.0.tgz#03b0e1bd8bede0cf928ee96f701e67e7b5d5eb20"
  integrity sha512-TrD45X+X1tTVIh2pS1ciPrKUA5iG2bGMHNWr1dCAyuxmaQtciaIYwAeQTfyoDDgZcAYPo2yIz4+e/dMle55ygA==
  dependencies:
    "@girs/gdesktopenums-3.0" "^3.0.0-3.1.0"
    "@girs/gdkpixbuf-2.0" "^2.0.0-3.1.0"
    "@girs/gio-2.0" "^2.76.1-3.1.0"
    "@girs/gjs" "^3.1.0"
    "@girs/glib-2.0" "^2.76.1-3.1.0"
    "@girs/gmodule-2.0" "^2.0.0-3.1.0"
    "@girs/gobject-2.0" "^2.76.1-3.1.0"

"@girs/gobject-2.0@^2.76.1-3.0.0", "@girs/gobject-2.0@^2.76.1-3.0.0-beta.16", "@girs/gobject-2.0@^2.76.1-3.1.0":
  version "2.76.1-3.1.0"
  resolved "https://registry.yarnpkg.com/@girs/gobject-2.0/-/gobject-2.0-2.76.1-3.1.0.tgz#05f794a5041e91dec56aa3214863a75a6b9c69d7"
  integrity sha512-7x4XboeNQy7+fE/6yaeoRvCG89djJpU6oo41CYKgEtmpi2rFTxsvDDb/AV5x0bP9MkTXZwtEWwzM8wYwPZA6Dg==
  dependencies:
    "@girs/gjs" "^3.1.0"
    "@girs/glib-2.0" "^2.76.1-3.1.0"

"@girs/graphene-1.0@^1.0.0-3.1.0":
  version "1.0.0-3.1.0"
  resolved "https://registry.yarnpkg.com/@girs/graphene-1.0/-/graphene-1.0-1.0.0-3.1.0.tgz#8fa84ec6f93e1d2ab0e8e4a465bfe10d30eaa34f"
  integrity sha512-QSxhcy/hdGm23xcRkAqgR8Oad8BKJp4gDuCVL4/Z629qUdLq2QGgM5j2LjCE/zuqE0WBXIEj48+TLVk5mMrK6w==
  dependencies:
    "@girs/gjs" "^3.1.0"
    "@girs/glib-2.0" "^2.76.1-3.1.0"
    "@girs/gobject-2.0" "^2.76.1-3.1.0"

"@girs/gsk-4.0@^4.0.0-3.1.0":
  version "4.0.0-3.1.0"
  resolved "https://registry.yarnpkg.com/@girs/gsk-4.0/-/gsk-4.0-4.0.0-3.1.0.tgz#52dcd29445ee771d1b07edf3e97eaca0dd25ea3e"
  integrity sha512-7+zO77mKm8xB3qgXKgvoiLZM0kG1xdU2oLaSicfaLz/whuLk4In3y8m0+anfTdHPVkOruI4Nigl2i4vGPudX5Q==
  dependencies:
    "@girs/cairo-1.0" "^1.0.0-3.1.0"
    "@girs/freetype2-2.0" "^2.0.0-3.1.0"
    "@girs/gdk-4.0" "^4.0.0-3.1.0"
    "@girs/gdkpixbuf-2.0" "^2.0.0-3.1.0"
    "@girs/gio-2.0" "^2.76.1-3.1.0"
    "@girs/gjs" "^3.1.0"
    "@girs/glib-2.0" "^2.76.1-3.1.0"
    "@girs/gmodule-2.0" "^2.0.0-3.1.0"
    "@girs/gobject-2.0" "^2.76.1-3.1.0"
    "@girs/graphene-1.0" "^1.0.0-3.1.0"
    "@girs/harfbuzz-0.0" "^7.1.0-3.1.0"
    "@girs/pango-1.0" "^1.50.14-3.1.0"
    "@girs/pangocairo-1.0" "^1.0.0-3.1.0"

"@girs/gtk-4.0@^4.10.4-3.1.0":
  version "4.10.4-3.1.0"
  resolved "https://registry.yarnpkg.com/@girs/gtk-4.0/-/gtk-4.0-4.10.4-3.1.0.tgz#febfd85b74dff75065e9d32aff13900baf515d9a"
  integrity sha512-n+3F4X3XyHKWvGZjeH7XXcdOp68Jegd5eFG5k/AZfHEyrBSH6m91M6keHpncpKGjzWtjudyVupemEzmj3C23Lw==
  dependencies:
    "@girs/cairo-1.0" "^1.0.0-3.1.0"
    "@girs/freetype2-2.0" "^2.0.0-3.1.0"
    "@girs/gdk-4.0" "^4.0.0-3.1.0"
    "@girs/gdkpixbuf-2.0" "^2.0.0-3.1.0"
    "@girs/gio-2.0" "^2.76.1-3.1.0"
    "@girs/gjs" "^3.1.0"
    "@girs/glib-2.0" "^2.76.1-3.1.0"
    "@girs/gmodule-2.0" "^2.0.0-3.1.0"
    "@girs/gobject-2.0" "^2.76.1-3.1.0"
    "@girs/graphene-1.0" "^1.0.0-3.1.0"
    "@girs/gsk-4.0" "^4.0.0-3.1.0"
    "@girs/harfbuzz-0.0" "^7.1.0-3.1.0"
    "@girs/pango-1.0" "^1.50.14-3.1.0"
    "@girs/pangocairo-1.0" "^1.0.0-3.1.0"

"@girs/gvc-1.0@^1.0.0-3.1.0":
  version "1.0.0-3.1.0"
  resolved "https://registry.yarnpkg.com/@girs/gvc-1.0/-/gvc-1.0-1.0.0-3.1.0.tgz#b479e87343cd85d8ba5f8d88be6aaf00d2257e78"
  integrity sha512-1fVL6KzniwIkUlKtLnssPqFTEu6YvZcz2Mb0Xxf/0ohve9R5L9pnIQkQmcPUqbVQZv5ktrWuclyMbsjJImWbLg==
  dependencies:
    "@girs/gio-2.0" "^2.76.1-3.1.0"
    "@girs/gjs" "^3.1.0"
    "@girs/glib-2.0" "^2.76.1-3.1.0"
    "@girs/gobject-2.0" "^2.76.1-3.1.0"

"@girs/harfbuzz-0.0@^7.1.0-3.1.0":
  version "7.1.0-3.1.0"
  resolved "https://registry.yarnpkg.com/@girs/harfbuzz-0.0/-/harfbuzz-0.0-7.1.0-3.1.0.tgz#547a190de119821935b6b6577428fdc583d6929b"
  integrity sha512-QzwHzTjxjzsdzU/dCBOa+OquxPnnWU39PqcEZGq/f2XXND1T/Mbu6vUKcxHK9wFUzwu33B9WJb1SE7b9DpCiZw==
  dependencies:
    "@girs/freetype2-2.0" "^2.0.0-3.1.0"
    "@girs/gjs" "^3.1.0"
    "@girs/glib-2.0" "^2.76.1-3.1.0"
    "@girs/gobject-2.0" "^2.76.1-3.1.0"

"@girs/json-1.0@^1.7.1-3.1.0":
  version "1.7.1-3.1.0"
  resolved "https://registry.yarnpkg.com/@girs/json-1.0/-/json-1.0-1.7.1-3.1.0.tgz#4b10ab6f4ee8d69c0107ba5f2bde26ac8154bf1e"
  integrity sha512-/QJsOUMVG6tYt0iooWIacadMX28fu2fTmEAjx58I//Wmh5vbSDd+NXybwVYleU23q8DDvAwBFViJIHainRCTow==
  dependencies:
    "@girs/gio-2.0" "^2.76.1-3.1.0"
    "@girs/gjs" "^3.1.0"
    "@girs/glib-2.0" "^2.76.1-3.1.0"
    "@girs/gobject-2.0" "^2.76.1-3.1.0"

"@girs/meta-12@^12.0.0-3.0.0", "@girs/meta-12@^12.0.0-3.1.0":
  version "12.0.0-3.1.0"
  resolved "https://registry.yarnpkg.com/@girs/meta-12/-/meta-12-12.0.0-3.1.0.tgz#508850b95dc678e88d46b8fb0b7e86c8050f3bc0"
  integrity sha512-OupjuU5GPQVGtQa+R9+r7MsaGKV+GyV6GaWCzFN/O3rgf0/0i8q889JH+2J9vwIFVoRLZJxg6MfyKa7JpcsgZA==
  dependencies:
    "@girs/atk-1.0" "^2.48.3-3.1.0"
    "@girs/cairo-1.0" "^1.0.0-3.1.0"
    "@girs/clutter-12" "^12.0.0-3.1.0"
    "@girs/cogl-12" "^12.0.0-3.1.0"
    "@girs/coglpango-12" "^12.0.0-3.1.0"
    "@girs/freetype2-2.0" "^2.0.0-3.1.0"
    "@girs/gdesktopenums-3.0" "^3.0.0-3.1.0"
    "@girs/gio-2.0" "^2.76.1-3.1.0"
    "@girs/gjs" "^3.1.0"
    "@girs/gl-1.0" "^1.0.0-3.1.0"
    "@girs/glib-2.0" "^2.76.1-3.1.0"
    "@girs/gobject-2.0" "^2.76.1-3.1.0"
    "@girs/graphene-1.0" "^1.0.0-3.1.0"
    "@girs/harfbuzz-0.0" "^7.1.0-3.1.0"
    "@girs/json-1.0" "^1.7.1-3.1.0"
    "@girs/pango-1.0" "^1.50.14-3.1.0"
    "@girs/pangocairo-1.0" "^1.0.0-3.1.0"
    "@girs/xfixes-4.0" "^4.0.0-3.1.0"
    "@girs/xlib-2.0" "^2.0.0-3.1.0"

"@girs/nm-1.0@^1.43.1-3.1.0":
  version "1.43.1-3.1.0"
  resolved "https://registry.yarnpkg.com/@girs/nm-1.0/-/nm-1.0-1.43.1-3.1.0.tgz#2b139432864171257e4a0a639dd81db9dce8d114"
  integrity sha512-2jawCPFAFlBmlsQ0334+SIYZJ1zXiHClU0PRiPZPAuOx+NzIpvAjEjprynrwFHwZ2azjmSjFp5AQ/wTTiDLJ/g==
  dependencies:
    "@girs/gio-2.0" "^2.76.1-3.1.0"
    "@girs/gjs" "^3.1.0"
    "@girs/glib-2.0" "^2.76.1-3.1.0"
    "@girs/gobject-2.0" "^2.76.1-3.1.0"

"@girs/pango-1.0@^1.50.14-3.1.0":
  version "1.50.14-3.1.0"
  resolved "https://registry.yarnpkg.com/@girs/pango-1.0/-/pango-1.0-1.50.14-3.1.0.tgz#3b1ce45e9cd185b3468a43854d696e7013e008d5"
  integrity sha512-rbzXDOHC7prudyYxUGxMwCbbzG8OMwv97NVEGhpqwKcP1NHykjfn2+fWV2u9agv4TyrfnTAHm1WJGkDlh6z+Mw==
  dependencies:
    "@girs/cairo-1.0" "^1.0.0-3.1.0"
    "@girs/freetype2-2.0" "^2.0.0-3.1.0"
    "@girs/gio-2.0" "^2.76.1-3.1.0"
    "@girs/gjs" "^3.1.0"
    "@girs/glib-2.0" "^2.76.1-3.1.0"
    "@girs/gobject-2.0" "^2.76.1-3.1.0"
    "@girs/harfbuzz-0.0" "^7.1.0-3.1.0"

"@girs/pangocairo-1.0@^1.0.0-3.1.0":
  version "1.0.0-3.1.0"
  resolved "https://registry.yarnpkg.com/@girs/pangocairo-1.0/-/pangocairo-1.0-1.0.0-3.1.0.tgz#bad13357c2ef3c24dfd716f0708fee8b08279244"
  integrity sha512-pxNENuO9tBZOUsalS8HeUcaWiDk7QyujWy/wUyRcgUlJad4g3rIUH8VIeTtqGU4ft1HK6NSHYju3N8szlmHLOQ==
  dependencies:
    "@girs/cairo-1.0" "^1.0.0-3.1.0"
    "@girs/freetype2-2.0" "^2.0.0-3.1.0"
    "@girs/gio-2.0" "^2.76.1-3.1.0"
    "@girs/gjs" "^3.1.0"
    "@girs/glib-2.0" "^2.76.1-3.1.0"
    "@girs/gobject-2.0" "^2.76.1-3.1.0"
    "@girs/harfbuzz-0.0" "^7.1.0-3.1.0"
    "@girs/pango-1.0" "^1.50.14-3.1.0"

"@girs/polkit-1.0@^1.0.0-3.1.0":
  version "1.0.0-3.1.0"
  resolved "https://registry.yarnpkg.com/@girs/polkit-1.0/-/polkit-1.0-1.0.0-3.1.0.tgz#bf29f96f56a08ce843c0428918b650a71bddd5b3"
  integrity sha512-ZGoXIPvG9FZOH5xEwV0HGd/lHiixVJbri/IkGxnv8RNHsHMzyb/lPo2o0ZmpGNa7b7odqlcZzTky6QDaai4O4w==
  dependencies:
    "@girs/gio-2.0" "^2.76.1-3.1.0"
    "@girs/gjs" "^3.1.0"
    "@girs/glib-2.0" "^2.76.1-3.1.0"
    "@girs/gobject-2.0" "^2.76.1-3.1.0"

"@girs/polkitagent-1.0@^1.0.0-3.1.0":
  version "1.0.0-3.1.0"
  resolved "https://registry.yarnpkg.com/@girs/polkitagent-1.0/-/polkitagent-1.0-1.0.0-3.1.0.tgz#1933099055b11e1e518af79375b55cf1e2513332"
  integrity sha512-09YXtHQeG2rhnFQ6uxvmeLSvLBwSUQypp+qg16opWlhY4pKvj7Ubn+wUA9p4no9+2NlNZR5OB6OHcxIyEPeipA==
  dependencies:
    "@girs/gio-2.0" "^2.76.1-3.1.0"
    "@girs/gjs" "^3.1.0"
    "@girs/glib-2.0" "^2.76.1-3.1.0"
    "@girs/gobject-2.0" "^2.76.1-3.1.0"
    "@girs/polkit-1.0" "^1.0.0-3.1.0"

"@girs/shell-12@^12.0.0-3.0.0":
  version "12.0.0-3.1.0"
  resolved "https://registry.yarnpkg.com/@girs/shell-12/-/shell-12-12.0.0-3.1.0.tgz#0d9341472bbb063b9ce12765c7d1d6011a448baa"
  integrity sha512-5XPkQTIklhjK3Ar+ShHIJzWYhn5fvAIofjTXsDxwy6bZwpwxgrWD3mnOaZjUbeR/SS8bX73g1ush0vOROLoODQ==
  dependencies:
    "@girs/atk-1.0" "^2.48.3-3.1.0"
    "@girs/cairo-1.0" "^1.0.0-3.1.0"
    "@girs/cally-12" "^12.0.0-3.1.0"
    "@girs/clutter-12" "^12.0.0-3.1.0"
    "@girs/cogl-12" "^12.0.0-3.1.0"
    "@girs/coglpango-12" "^12.0.0-3.1.0"
    "@girs/freetype2-2.0" "^2.0.0-3.1.0"
    "@girs/gck-2" "^4.0.0-3.1.0"
    "@girs/gcr-4" "^4.0.0-3.1.0"
    "@girs/gdesktopenums-3.0" "^3.0.0-3.1.0"
    "@girs/gdkpixbuf-2.0" "^2.0.0-3.1.0"
    "@girs/gio-2.0" "^2.76.1-3.1.0"
    "@girs/gjs" "^3.1.0"
    "@girs/gl-1.0" "^1.0.0-3.1.0"
    "@girs/glib-2.0" "^2.76.1-3.1.0"
    "@girs/gmodule-2.0" "^2.0.0-3.1.0"
    "@girs/gobject-2.0" "^2.76.1-3.1.0"
    "@girs/graphene-1.0" "^1.0.0-3.1.0"
    "@girs/gvc-1.0" "^1.0.0-3.1.0"
    "@girs/harfbuzz-0.0" "^7.1.0-3.1.0"
    "@girs/json-1.0" "^1.7.1-3.1.0"
    "@girs/meta-12" "^12.0.0-3.1.0"
    "@girs/nm-1.0" "^1.43.1-3.1.0"
    "@girs/pango-1.0" "^1.50.14-3.1.0"
    "@girs/pangocairo-1.0" "^1.0.0-3.1.0"
    "@girs/polkit-1.0" "^1.0.0-3.1.0"
    "@girs/polkitagent-1.0" "^1.0.0-3.1.0"
    "@girs/st-12" "^12.0.0-3.1.0"
    "@girs/xfixes-4.0" "^4.0.0-3.1.0"
    "@girs/xlib-2.0" "^2.0.0-3.1.0"

"@girs/shew-0@^0.0.0-3.0.0":
  version "0.0.0-3.1.0"
  resolved "https://registry.yarnpkg.com/@girs/shew-0/-/shew-0-0.0.0-3.1.0.tgz#1f0d4c01c3b95865dfc2faaf22ca2f1e63939319"
  integrity sha512-cgVKTagvP98kehEua0FHhrX//8sm/cH6Ob3iTAcUsllhC7mMNFrXQGoXbRG94AFq3U9tse4iA+QgeN0+PS5wag==
  dependencies:
    "@girs/cairo-1.0" "^1.0.0-3.1.0"
    "@girs/freetype2-2.0" "^2.0.0-3.1.0"
    "@girs/gdk-4.0" "^4.0.0-3.1.0"
    "@girs/gdkpixbuf-2.0" "^2.0.0-3.1.0"
    "@girs/gio-2.0" "^2.76.1-3.1.0"
    "@girs/gjs" "^3.1.0"
    "@girs/glib-2.0" "^2.76.1-3.1.0"
    "@girs/gmodule-2.0" "^2.0.0-3.1.0"
    "@girs/gobject-2.0" "^2.76.1-3.1.0"
    "@girs/graphene-1.0" "^1.0.0-3.1.0"
    "@girs/gsk-4.0" "^4.0.0-3.1.0"
    "@girs/gtk-4.0" "^4.10.4-3.1.0"
    "@girs/harfbuzz-0.0" "^7.1.0-3.1.0"
    "@girs/pango-1.0" "^1.50.14-3.1.0"
    "@girs/pangocairo-1.0" "^1.0.0-3.1.0"

"@girs/st-12@^12.0.0-3.0.0", "@girs/st-12@^12.0.0-3.1.0":
  version "12.0.0-3.1.0"
  resolved "https://registry.yarnpkg.com/@girs/st-12/-/st-12-12.0.0-3.1.0.tgz#2eb3dd9b192c87948be6cc2746f43631bbbf4304"
  integrity sha512-6kGOTo+yTubea/jL8ORqKXUbTJmrxdN7pYkuou2T1gw93jPZhLU/pbgfqkh0nnRKF96ElVTTJmKl3oTfXAhPww==
  dependencies:
    "@girs/atk-1.0" "^2.48.3-3.1.0"
    "@girs/cairo-1.0" "^1.0.0-3.1.0"
    "@girs/cally-12" "^12.0.0-3.1.0"
    "@girs/clutter-12" "^12.0.0-3.1.0"
    "@girs/cogl-12" "^12.0.0-3.1.0"
    "@girs/coglpango-12" "^12.0.0-3.1.0"
    "@girs/freetype2-2.0" "^2.0.0-3.1.0"
    "@girs/gdesktopenums-3.0" "^3.0.0-3.1.0"
    "@girs/gdkpixbuf-2.0" "^2.0.0-3.1.0"
    "@girs/gio-2.0" "^2.76.1-3.1.0"
    "@girs/gjs" "^3.1.0"
    "@girs/gl-1.0" "^1.0.0-3.1.0"
    "@girs/glib-2.0" "^2.76.1-3.1.0"
    "@girs/gmodule-2.0" "^2.0.0-3.1.0"
    "@girs/gobject-2.0" "^2.76.1-3.1.0"
    "@girs/graphene-1.0" "^1.0.0-3.1.0"
    "@girs/harfbuzz-0.0" "^7.1.0-3.1.0"
    "@girs/json-1.0" "^1.7.1-3.1.0"
    "@girs/meta-12" "^12.0.0-3.1.0"
    "@girs/pango-1.0" "^1.50.14-3.1.0"
    "@girs/pangocairo-1.0" "^1.0.0-3.1.0"
    "@girs/xfixes-4.0" "^4.0.0-3.1.0"
    "@girs/xlib-2.0" "^2.0.0-3.1.0"

"@girs/xfixes-4.0@^4.0.0-3.1.0":
  version "4.0.0-3.1.0"
  resolved "https://registry.yarnpkg.com/@girs/xfixes-4.0/-/xfixes-4.0-4.0.0-3.1.0.tgz#46ee33634246e929c7710d41162f38385341546f"
  integrity sha512-Ap5yS+VecwnjZDLhwbOXjvZmYDn1yFbqYiAfkVhpvYQf+79ie2D1B3/SHxT19LzGY91KVViV/dLQRUnzl6HbQg==
  dependencies:
    "@girs/gjs" "^3.1.0"
    "@girs/gobject-2.0" "^2.76.1-3.1.0"

"@girs/xlib-2.0@^2.0.0-3.1.0":
  version "2.0.0-3.1.0"
  resolved "https://registry.yarnpkg.com/@girs/xlib-2.0/-/xlib-2.0-2.0.0-3.1.0.tgz#a1110fadfbe10edd1469a1e47d17c380a04365ef"
  integrity sha512-ge/rdPSE/yxvp88qLmexnWBstVzis7Z3bQcKVFD5LOgpNVYfzczgGaMb7HJxYDAY9KnBwTAl0+DUkC2VlAZ7Pw==
  dependencies:
    "@girs/gjs" "^3.1.0"
    "@girs/gobject-2.0" "^2.76.1-3.1.0"

adm-zip@^0.5.10:
  version "0.5.10"
  resolved "https://registry.yarnpkg.com/adm-zip/-/adm-zip-0.5.10.tgz#4a51d5ab544b1f5ce51e1b9043139b639afff45b"
  integrity sha512-x0HvcHqVJNTPk/Bw8JbLWlWoo6Wwnsug0fnYYro1HBrjxZ3G7/AZk7Ahv8JwDe1uIcz8eBqvu86FuF1POiG7vQ==

esbuild@^0.17.19:
  version "0.17.19"
  resolved "https://registry.yarnpkg.com/esbuild/-/esbuild-0.17.19.tgz#087a727e98299f0462a3d0bcdd9cd7ff100bd955"
  integrity sha512-XQ0jAPFkK/u3LcVRcvVHQcTIqD6E2H1fvZMA5dQPSOWb3suUbWbfbRf94pjc0bNzRYLfIrDRQXr7X+LHIm5oHw==
  optionalDependencies:
    "@esbuild/android-arm" "0.17.19"
    "@esbuild/android-arm64" "0.17.19"
    "@esbuild/android-x64" "0.17.19"
    "@esbuild/darwin-arm64" "0.17.19"
    "@esbuild/darwin-x64" "0.17.19"
    "@esbuild/freebsd-arm64" "0.17.19"
    "@esbuild/freebsd-x64" "0.17.19"
    "@esbuild/linux-arm" "0.17.19"
    "@esbuild/linux-arm64" "0.17.19"
    "@esbuild/linux-ia32" "0.17.19"
    "@esbuild/linux-loong64" "0.17.19"
    "@esbuild/linux-mips64el" "0.17.19"
    "@esbuild/linux-ppc64" "0.17.19"
    "@esbuild/linux-riscv64" "0.17.19"
    "@esbuild/linux-s390x" "0.17.19"
    "@esbuild/linux-x64" "0.17.19"
    "@esbuild/netbsd-x64" "0.17.19"
    "@esbuild/openbsd-x64" "0.17.19"
    "@esbuild/sunos-x64" "0.17.19"
    "@esbuild/win32-arm64" "0.17.19"
    "@esbuild/win32-ia32" "0.17.19"
    "@esbuild/win32-x64" "0.17.19"

typescript@^5.0.4:
  version "5.1.3"
  resolved "https://registry.yarnpkg.com/typescript/-/typescript-5.1.3.tgz#8d84219244a6b40b6fb2b33cc1c062f715b9e826"
  integrity sha512-XH627E9vkeqhlZFQuL+UsyAXEnibT0kWR2FWONlr4sTjvxyJYnyefgrkyECLzM5NenmKzRAy2rR/OlYLA1HkZw==
